
Microsoft Visual Studio Solution File, Format Version 12.00
# Visual Studio Version 16
VisualStudioVersion = 16.0.30804.86
MinimumVisualStudioVersion = 10.0.40219.1
Project("{FAE04EC0-301F-11D3-BF4B-00C04F79EFBC}") = "ngCoreSecurity", "API/ngCoreSecurity.csproj", "{8353042C-1AD0-4808-BD59-2BBF790A4C0E}"
EndProject
Global
	GlobalSection(SolutionConfigurationPlatforms) = preSolution
		Debug|Any CPU = Debug|Any CPU
		Release|Any CPU = Release|Any CPU
	EndGlobalSection
	GlobalSection(ProjectConfigurationPlatforms) = postSolution
		{8353042C-1AD0-4808-BD59-2BBF790A4C0E}.Debug|Any CPU.ActiveCfg = Debug|Any CPU
		{8353042C-1AD0-4808-BD59-2BBF790A4C0E}.Debug|Any CPU.Build.0 = Debug|Any CPU
		{8353042C-1AD0-4808-BD59-2BBF790A4C0E}.Release|Any CPU.ActiveCfg = Release|Any CPU
		{8353042C-1AD0-4808-BD59-2BBF790A4C0E}.Release|Any CPU.Build.0 = Release|Any CPU
	EndGlobalSection
	GlobalSection(SolutionProperties) = preSolution
		HideSolutionNode = FALSE
	EndGlobalSection
	GlobalSection(ExtensibilityGlobals) = postSolution
		SolutionGuid = {438A4FC3-ED04-4B5C-8D8B-650CCC3360A9}
	EndGlobalSection
EndGlobal
